{
  "lockfileVersion": 1,
  "workspaces": {
    "": {
      "name": "lang-huml",
      "devDependencies": {
        "@codemirror/autocomplete": "^6.19.1",
        "@codemirror/commands": "^6.5.0",
        "@codemirror/language": "^6.11.3",
        "@codemirror/lint": "^6.9.2",
        "@codemirror/state": "^6.5.2",
        "@codemirror/view": "^6.38.6",
        "@lezer/highlight": "^1.2.3",
        "@lezer/lr": "^1.4.3",
        "@types/bun": "latest",
        "typescript": "^5.0.0",
      },
      "peerDependencies": {
        "@codemirror/autocomplete": "^6.19.1",
        "@codemirror/commands": "^6.5.0",
        "@codemirror/language": "^6.11.3",
        "@codemirror/lint": "^6.9.2",
        "@codemirror/state": "^6.5.2",
        "@codemirror/view": "^6.38.6",
        "@lezer/highlight": "^1.2.3",
      },
    },
  },
  "packages": {
    "@codemirror/autocomplete": ["@codemirror/autocomplete@6.19.1", "", { "dependencies": { "@codemirror/language": "^6.0.0", "@codemirror/state": "^6.0.0", "@codemirror/view": "^6.17.0", "@lezer/common": "^1.0.0" } }, "sha512-q6NenYkEy2fn9+JyjIxMWcNjzTL/IhwqfzOut1/G3PrIFkrbl4AL7Wkse5tLrQUUyqGoAKU5+Pi5jnnXxH5HGw=="],

    "@codemirror/commands": ["@codemirror/commands@6.10.0", "", { "dependencies": { "@codemirror/language": "^6.0.0", "@codemirror/state": "^6.4.0", "@codemirror/view": "^6.27.0", "@lezer/common": "^1.1.0" } }, "sha512-2xUIc5mHXQzT16JnyOFkh8PvfeXuIut3pslWGfsGOhxP/lpgRm9HOl/mpzLErgt5mXDovqA0d11P21gofRLb9w=="],

    "@codemirror/language": ["@codemirror/language@6.11.3", "", { "dependencies": { "@codemirror/state": "^6.0.0", "@codemirror/view": "^6.23.0", "@lezer/common": "^1.1.0", "@lezer/highlight": "^1.0.0", "@lezer/lr": "^1.0.0", "style-mod": "^4.0.0" } }, "sha512-9HBM2XnwDj7fnu0551HkGdrUrrqmYq/WC5iv6nbY2WdicXdGbhR/gfbZOH73Aqj4351alY1+aoG9rCNfiwS1RA=="],

    "@codemirror/lint": ["@codemirror/lint@6.9.2", "", { "dependencies": { "@codemirror/state": "^6.0.0", "@codemirror/view": "^6.35.0", "crelt": "^1.0.5" } }, "sha512-sv3DylBiIyi+xKwRCJAAsBZZZWo82shJ/RTMymLabAdtbkV5cSKwWDeCgtUq3v8flTaXS2y1kKkICuRYtUswyQ=="],

    "@codemirror/state": ["@codemirror/state@6.5.2", "", { "dependencies": { "@marijn/find-cluster-break": "^1.0.0" } }, "sha512-FVqsPqtPWKVVL3dPSxy8wEF/ymIEuVzF1PK3VbUgrxXpJUSHQWWZz4JMToquRxnkw+36LTamCZG2iua2Ptq0fA=="],

    "@codemirror/view": ["@codemirror/view@6.38.6", "", { "dependencies": { "@codemirror/state": "^6.5.0", "crelt": "^1.0.6", "style-mod": "^4.1.0", "w3c-keyname": "^2.2.4" } }, "sha512-qiS0z1bKs5WOvHIAC0Cybmv4AJSkAXgX5aD6Mqd2epSLlVJsQl8NG23jCVouIgkh4All/mrbdsf2UOLFnJw0tw=="],

    "@lezer/common": ["@lezer/common@1.3.0", "", {}, "sha512-L9X8uHCYU310o99L3/MpJKYxPzXPOS7S0NmBaM7UO/x2Kb2WbmMLSkfvdr1KxRIFYOpbY0Jhn7CfLSUDzL8arQ=="],

    "@lezer/highlight": ["@lezer/highlight@1.2.3", "", { "dependencies": { "@lezer/common": "^1.3.0" } }, "sha512-qXdH7UqTvGfdVBINrgKhDsVTJTxactNNxLk7+UMwZhU13lMHaOBlJe9Vqp907ya56Y3+ed2tlqzys7jDkTmW0g=="],

    "@lezer/lr": ["@lezer/lr@1.4.3", "", { "dependencies": { "@lezer/common": "^1.0.0" } }, "sha512-yenN5SqAxAPv/qMnpWW0AT7l+SxVrgG+u0tNsRQWqbrz66HIl8DnEbBObvy21J5K7+I1v7gsAnlE2VQ5yYVSeA=="],

    "@marijn/find-cluster-break": ["@marijn/find-cluster-break@1.0.2", "", {}, "sha512-l0h88YhZFyKdXIFNfSWpyjStDjGHwZ/U7iobcK1cQQD8sejsONdQtTVU+1wVN1PBw40PiiHB1vA5S7VTfQiP9g=="],

    "@types/bun": ["@types/bun@1.3.2", "", { "dependencies": { "bun-types": "1.3.2" } }, "sha512-t15P7k5UIgHKkxwnMNkJbWlh/617rkDGEdSsDbu+qNHTaz9SKf7aC8fiIlUdD5RPpH6GEkP0cK7WlvmrEBRtWg=="],

    "@types/node": ["@types/node@24.10.1", "", { "dependencies": { "undici-types": "~7.16.0" } }, "sha512-GNWcUTRBgIRJD5zj+Tq0fKOJ5XZajIiBroOF0yvj2bSU1WvNdYS/dn9UxwsujGW4JX06dnHyjV2y9rRaybH0iQ=="],

    "@types/react": ["@types/react@19.2.3", "", { "dependencies": { "csstype": "^3.0.2" } }, "sha512-k5dJVszUiNr1DSe8Cs+knKR6IrqhqdhpUwzqhkS8ecQTSf3THNtbfIp/umqHMpX2bv+9dkx3fwDv/86LcSfvSg=="],

    "bun-types": ["bun-types@1.3.2", "", { "dependencies": { "@types/node": "*" }, "peerDependencies": { "@types/react": "^19" } }, "sha512-i/Gln4tbzKNuxP70OWhJRZz1MRfvqExowP7U6JKoI8cntFrtxg7RJK3jvz7wQW54UuvNC8tbKHHri5fy74FVqg=="],

    "crelt": ["crelt@1.0.6", "", {}, "sha512-VQ2MBenTq1fWZUH9DJNGti7kKv6EeAuYr3cLwxUWhIu1baTaXh4Ib5W2CqHVqib4/MqbYGJqiL3Zb8GJZr3l4g=="],

    "csstype": ["csstype@3.1.3", "", {}, "sha512-M1uQkMl8rQK/szD0LNhtqxIPLpimGm8sOBwU7lLnCpSbTyY3yeU1Vc7l4KT5zT4s/yOxHH5O7tIuuLOCnLADRw=="],

    "style-mod": ["style-mod@4.1.3", "", {}, "sha512-i/n8VsZydrugj3Iuzll8+x/00GH2vnYsk1eomD8QiRrSAeW6ItbCQDtfXCeJHd0iwiNagqjQkvpvREEPtW3IoQ=="],

    "typescript": ["typescript@5.9.3", "", { "bin": { "tsc": "bin/tsc", "tsserver": "bin/tsserver" } }, "sha512-jl1vZzPDinLr9eUt3J/t7V6FgNEw9QjvBPdysz9KfQDD41fQrC2Y4vKQdiaUpFT4bXlb1RHhLpp8wtm6M5TgSw=="],

    "undici-types": ["undici-types@7.16.0", "", {}, "sha512-Zz+aZWSj8LE6zoxD+xrjh4VfkIG8Ya6LvYkZqtUQGJPZjYl53ypCaUwWqo7eI0x66KBGeRo+mlBEkMSeSZ38Nw=="],

    "w3c-keyname": ["w3c-keyname@2.2.8", "", {}, "sha512-dpojBhNsCNN7T82Tm7k26A6G9ML3NkhDsnw9n/eoxSRlVBB4CEtIQ/KTCLI2Fwf3ataSXRhYFkQi3SlnFwPvPQ=="],
  }
}
